{
  "name": "energy-services-platform",
  "version": "1.0.0",
  "lockfileVersion": 3,
  "requires": true,
  "packages": {
    "": {
      "name": "energy-services-platform",
      "version": "1.0.0",
      "dependencies": {
        "@syncfusion/ej2-react-spreadsheet": "^32.2.9"
      }
    },
    "node_modules/@syncfusion/ej2-base": {
      "version": "32.2.9",
      "license": "SEE LICENSE IN license",
      "dependencies": {
        "@syncfusion/ej2-icons": "~32.2.3"
      },
      "bin": {
        "syncfusion-license": "bin/syncfusion-license.js"
      }
    },
    "node_modules/@syncfusion/ej2-react-base": {
      "version": "32.2.3",
      "resolved": "https://registry.npmjs.org/@syncfusion/ej2-react-base/-/ej2-react-base-32.2.3.tgz",
      "integrity": "sha512-xAh78u1v4QSce/KlDIcZiZmjiGwmEFIjWqFRAqI69YJ8vdfmrrITj9ybZiWYtcDXvsxgWAhOvX6uPE3neI3vqg==",
      "license": "SEE LICENSE IN license",
      "dependencies": {
        "@syncfusion/ej2-base": "~32.2.3"
      }
    },
    "node_modules/@syncfusion/ej2-react-spreadsheet": {
      "version": "32.2.9",
      "resolved": "https://registry.npmjs.org/@syncfusion/ej2-react-spreadsheet/-/ej2-react-spreadsheet-32.2.9.tgz",
      "integrity": "sha512-zBT5Eu2u71n3Fza5VTKD+5Gbfuf32f+mww4fo/ANN7xkg71NkMQDjYvUGRBwTKT5hg9KygASXzCg70iTWZt+tg==",
      "license": "SEE LICENSE IN license",
      "dependencies": {
        "@syncfusion/ej2-base": "~32.2.9",
        "@syncfusion/ej2-react-base": "~32.2.3",
        "@syncfusion/ej2-spreadsheet": "32.2.9"
      }
    },
    "node_modules/@syncfusion/ej2-spreadsheet": {
      "version": "32.2.9",
      "license": "SEE LICENSE IN license",
      "dependencies": {
        "@syncfusion/ej2-base": "~32.2.9",
        "@syncfusion/ej2-charts": "~32.2.9",
        "@syncfusion/ej2-dropdowns": "~32.2.9",
        "@syncfusion/ej2-grids": "~32.2.9",
        "@syncfusion/ej2-navigations": "~32.2.9"
      }
    }
  }
}
